
Microsoft Visual Studio Solution File, Format Version 12.00
# Visual Studio Version 16
VisualStudioVersion = 16.0.31515.178
MinimumVisualStudioVersion = 10.0.40219.1
Project("{FAE04EC0-301F-11D3-BF4B-00C04F79EFBC}") = "TPGrupo8", "TPGrupo8.csproj", "{D50BB291-3CA3-4B11-90B3-C65CCC91D141}"
EndProject
Global
	GlobalSection(SolutionConfigurationPlatforms) = preSolution
		Debug|Any CPU = Debug|Any CPU
		Release|Any CPU = Release|Any CPU
	EndGlobalSection
	GlobalSection(ProjectConfigurationPlatforms) = postSolution
		{D50BB291-3CA3-4B11-90B3-C65CCC91D141}.Debug|Any CPU.ActiveCfg = Debug|Any CPU
		{D50BB291-3CA3-4B11-90B3-C65CCC91D141}.Debug|Any CPU.Build.0 = Debug|Any CPU
		{D50BB291-3CA3-4B11-90B3-C65CCC91D141}.Release|Any CPU.ActiveCfg = Release|Any CPU
		{D50BB291-3CA3-4B11-90B3-C65CCC91D141}.Release|Any CPU.Build.0 = Release|Any CPU
	EndGlobalSection
	GlobalSection(SolutionProperties) = preSolution
		HideSolutionNode = FALSE
	EndGlobalSection
	GlobalSection(ExtensibilityGlobals) = postSolution
		SolutionGuid = {3772F352-06E0-482B-9FF1-7C9FEB149BB4}
	EndGlobalSection
EndGlobal
